
Microsoft Visual Studio Solution File, Format Version 12.00
# Visual Studio Version 16
VisualStudioVersion = 16.0.30128.74
MinimumVisualStudioVersion = 10.0.40219.1
Project("{FAE04EC0-301F-11D3-BF4B-00C04F79EFBC}") = "ResponsiProduk", "ResponsiProduk\ResponsiProduk.csproj", "{D9143FA8-AF27-4AA9-8581-AA463517547E}"
EndProject
Global
	GlobalSection(SolutionConfigurationPlatforms) = preSolution
		Debug|Any CPU = Debug|Any CPU
		Release|Any CPU = Release|Any CPU
	EndGlobalSection
	GlobalSection(ProjectConfigurationPlatforms) = postSolution
		{D9143FA8-AF27-4AA9-8581-AA463517547E}.Debug|Any CPU.ActiveCfg = Debug|Any CPU
		{D9143FA8-AF27-4AA9-8581-AA463517547E}.Debug|Any CPU.Build.0 = Debug|Any CPU
		{D9143FA8-AF27-4AA9-8581-AA463517547E}.Release|Any CPU.ActiveCfg = Release|Any CPU
		{D9143FA8-AF27-4AA9-8581-AA463517547E}.Release|Any CPU.Build.0 = Release|Any CPU
	EndGlobalSection
	GlobalSection(SolutionProperties) = preSolution
		HideSolutionNode = FALSE
	EndGlobalSection
	GlobalSection(ExtensibilityGlobals) = postSolution
		SolutionGuid = {1C89E978-3337-4FFE-993D-ABF8E4500698}
	EndGlobalSection
EndGlobal
